
Microsoft Visual Studio Solution File, Format Version 12.00
# Visual Studio Version 16
VisualStudioVersion = 16.0.31129.286
MinimumVisualStudioVersion = 10.0.40219.1
Project("{FAE04EC0-301F-11D3-BF4B-00C04F79EFBC}") = "lesson3", "lesson3\lesson3.csproj", "{C9702522-4614-4F5D-8429-437CD159A18F}"
EndProject
Global
	GlobalSection(SolutionConfigurationPlatforms) = preSolution
		Debug|Any CPU = Debug|Any CPU
		Release|Any CPU = Release|Any CPU
	EndGlobalSection
	GlobalSection(ProjectConfigurationPlatforms) = postSolution
		{C9702522-4614-4F5D-8429-437CD159A18F}.Debug|Any CPU.ActiveCfg = Debug|Any CPU
		{C9702522-4614-4F5D-8429-437CD159A18F}.Debug|Any CPU.Build.0 = Debug|Any CPU
		{C9702522-4614-4F5D-8429-437CD159A18F}.Release|Any CPU.ActiveCfg = Release|Any CPU
		{C9702522-4614-4F5D-8429-437CD159A18F}.Release|Any CPU.Build.0 = Release|Any CPU
	EndGlobalSection
	GlobalSection(SolutionProperties) = preSolution
		HideSolutionNode = FALSE
	EndGlobalSection
	GlobalSection(ExtensibilityGlobals) = postSolution
		SolutionGuid = {380390C5-C200-48C1-874C-C421BAE48B2F}
	EndGlobalSection
EndGlobal
