
Microsoft Visual Studio Solution File, Format Version 12.00
# Visual Studio Version 16
VisualStudioVersion = 16.0.31129.286
MinimumVisualStudioVersion = 10.0.40219.1
Project("{FAE04EC0-301F-11D3-BF4B-00C04F79EFBC}") = "lesson6", "lesson6\lesson6.csproj", "{C91C2D2A-BEC0-4F37-9AC8-36F75ACE99A7}"
EndProject
Global
	GlobalSection(SolutionConfigurationPlatforms) = preSolution
		Debug|Any CPU = Debug|Any CPU
		Release|Any CPU = Release|Any CPU
	EndGlobalSection
	GlobalSection(ProjectConfigurationPlatforms) = postSolution
		{C91C2D2A-BEC0-4F37-9AC8-36F75ACE99A7}.Debug|Any CPU.ActiveCfg = Debug|Any CPU
		{C91C2D2A-BEC0-4F37-9AC8-36F75ACE99A7}.Debug|Any CPU.Build.0 = Debug|Any CPU
		{C91C2D2A-BEC0-4F37-9AC8-36F75ACE99A7}.Release|Any CPU.ActiveCfg = Release|Any CPU
		{C91C2D2A-BEC0-4F37-9AC8-36F75ACE99A7}.Release|Any CPU.Build.0 = Release|Any CPU
	EndGlobalSection
	GlobalSection(SolutionProperties) = preSolution
		HideSolutionNode = FALSE
	EndGlobalSection
	GlobalSection(ExtensibilityGlobals) = postSolution
		SolutionGuid = {BA797767-264B-4ED6-8CCE-EFCB8A1050D7}
	EndGlobalSection
EndGlobal
