
Microsoft Visual Studio Solution File, Format Version 12.00
# Visual Studio Version 16
VisualStudioVersion = 16.0.31129.286
MinimumVisualStudioVersion = 10.0.40219.1
Project("{FAE04EC0-301F-11D3-BF4B-00C04F79EFBC}") = "lesson5", "lesson5\lesson5.csproj", "{C3088780-9D14-4569-9427-758009324F10}"
EndProject
Global
	GlobalSection(SolutionConfigurationPlatforms) = preSolution
		Debug|Any CPU = Debug|Any CPU
		Release|Any CPU = Release|Any CPU
	EndGlobalSection
	GlobalSection(ProjectConfigurationPlatforms) = postSolution
		{C3088780-9D14-4569-9427-758009324F10}.Debug|Any CPU.ActiveCfg = Debug|Any CPU
		{C3088780-9D14-4569-9427-758009324F10}.Debug|Any CPU.Build.0 = Debug|Any CPU
		{C3088780-9D14-4569-9427-758009324F10}.Release|Any CPU.ActiveCfg = Release|Any CPU
		{C3088780-9D14-4569-9427-758009324F10}.Release|Any CPU.Build.0 = Release|Any CPU
	EndGlobalSection
	GlobalSection(SolutionProperties) = preSolution
		HideSolutionNode = FALSE
	EndGlobalSection
	GlobalSection(ExtensibilityGlobals) = postSolution
		SolutionGuid = {C0E4E4F7-37A6-4F77-A705-86F153E4E196}
	EndGlobalSection
EndGlobal
